
Microsoft Visual Studio Solution File, Format Version 12.00
# Visual Studio Version 17
VisualStudioVersion = 17.3.32811.315
MinimumVisualStudioVersion = 10.0.40219.1
Project("{FAE04EC0-301F-11D3-BF4B-00C04F79EFBC}") = "MusicPlayer_with_Csharp_Console", "MusicPlayer_with_Csharp_Console.csproj", "{7A737122-9C23-4896-B6A2-E0A5635F719C}"
EndProject
Global
	GlobalSection(SolutionConfigurationPlatforms) = preSolution
		Debug|Any CPU = Debug|Any CPU
		Release|Any CPU = Release|Any CPU
	EndGlobalSection
	GlobalSection(ProjectConfigurationPlatforms) = postSolution
		{7A737122-9C23-4896-B6A2-E0A5635F719C}.Debug|Any CPU.ActiveCfg = Debug|Any CPU
		{7A737122-9C23-4896-B6A2-E0A5635F719C}.Debug|Any CPU.Build.0 = Debug|Any CPU
		{7A737122-9C23-4896-B6A2-E0A5635F719C}.Release|Any CPU.ActiveCfg = Release|Any CPU
		{7A737122-9C23-4896-B6A2-E0A5635F719C}.Release|Any CPU.Build.0 = Release|Any CPU
	EndGlobalSection
	GlobalSection(SolutionProperties) = preSolution
		HideSolutionNode = FALSE
	EndGlobalSection
	GlobalSection(ExtensibilityGlobals) = postSolution
		SolutionGuid = {CD15BC2F-BBD3-459B-89B6-A2C542F01E60}
	EndGlobalSection
EndGlobal
